
Microsoft Visual Studio Solution File, Format Version 12.00
# Visual Studio 15
VisualStudioVersion = 15.0.28307.489
MinimumVisualStudioVersion = 10.0.40219.1
Project("{9092AA53-FB77-4645-B42D-1CCCA6BD08BD}") = "DreamSpaceStudio", "src\DreamSpaceStudio\DreamSpaceStudio.njsproj", "{299B48B6-ADA3-487D-B803-AD33D3471265}"
EndProject
Global
	GlobalSection(SolutionConfigurationPlatforms) = preSolution
		Debug|Any CPU = Debug|Any CPU
		Release|Any CPU = Release|Any CPU
	EndGlobalSection
	GlobalSection(ProjectConfigurationPlatforms) = postSolution
		{299B48B6-ADA3-487D-B803-AD33D3471265}.Debug|Any CPU.ActiveCfg = Debug|Any CPU
		{299B48B6-ADA3-487D-B803-AD33D3471265}.Debug|Any CPU.Build.0 = Debug|Any CPU
		{299B48B6-ADA3-487D-B803-AD33D3471265}.Release|Any CPU.ActiveCfg = Release|Any CPU
		{299B48B6-ADA3-487D-B803-AD33D3471265}.Release|Any CPU.Build.0 = Release|Any CPU
	EndGlobalSection
	GlobalSection(SolutionProperties) = preSolution
		HideSolutionNode = FALSE
	EndGlobalSection
	GlobalSection(ExtensibilityGlobals) = postSolution
		SolutionGuid = {5716CEA3-72F7-4151-8514-9E8D8EA22C74}
	EndGlobalSection
EndGlobal
