{
    "name": "dreamspace",
    "version": "0.1.0",
    "lockfileVersion": 1,
    "requires": true,
    "dependencies": {
        "@types/mssql": {
            "version": "6.0.8",
            "resolved": "https://registry.npmjs.org/@types/mssql/-/mssql-6.0.8.tgz",
            "integrity": "sha512-N3dr3o1c6EXhHhhNRaKpLTdAoXT/s6qDEJET5FID2gFCj58vIV9q/7RtkvYdE6ntpkJF5F9hpURhxT/oC62yLw==",
            "dev": true,
            "requires": {
                "@types/node": "*",
                "@types/tedious": "*"
            }
        },
        "@types/mysql": {
            "version": "2.15.18",
            "resolved": "https://registry.npmjs.org/@types/mysql/-/mysql-2.15.18.tgz",
            "integrity": "sha512-JW74Nh3P/RDAnaP8uXe1qmRpoFBO84SiWvWoSju/F5+2S1kVBi1FbbDoqK/sTZrCCxySaOJnRATvWD+bLcJjAg==",
            "dev": true,
            "requires": {
                "@types/node": "*"
            }
        },
        "@types/node": {
            "version": "14.17.4",
            "resolved": "https://registry.npmjs.org/@types/node/-/node-14.17.4.tgz",
            "integrity": "sha512-8kQ3+wKGRNN0ghtEn7EGps/B8CzuBz1nXZEIGGLP2GnwbqYn4dbTs7k+VKLTq1HvZLRCIDtN3Snx1Ege8B7L5A==",
            "dev": true
        },
        "@types/tedious": {
            "version": "4.0.3",
            "resolved": "https://registry.npmjs.org/@types/tedious/-/tedious-4.0.3.tgz",
            "integrity": "sha512-JMGNbZ7BOBSG/Tsus41SMdxqHgWpYhy0ZYGdC5vHGR75grOB17Zm+EZ7JaA32pS4Wtnt4wUPO30EqlmMI78sCA==",
            "dev": true,
            "requires": {
                "@types/node": "*"
            }
        }
    }
}
